
Microsoft Visual Studio Solution File, Format Version 12.00
# Visual Studio 14
VisualStudioVersion = 14.0.25420.1
MinimumVisualStudioVersion = 10.0.40219.1
Project("{8BC9CEB8-8B4A-11D0-8D11-00A0C91BC942}") = "opencv_test", "opencv_test\opencv_test.vcxproj", "{69C4BCD4-D928-40D4-BE1A-A64890302810}"
EndProject
Project("{8BC9CEB8-8B4A-11D0-8D11-00A0C91BC942}") = "OpenCV_3_KNN_Character_Recognition", "OpenCV_3_KNN_Character_Recognition\OpenCV_3_KNN_Character_Recognition.vcxproj", "{5237C689-8268-4BB7-8E8F-1B2935BDE007}"
EndProject
Project("{8BC9CEB8-8B4A-11D0-8D11-00A0C91BC942}") = "readDirTes", "readDirTes\readDirTes.vcxproj", "{A8F81F7A-7B7E-4896-AF33-672FCEFF8016}"
EndProject
Global
	GlobalSection(SolutionConfigurationPlatforms) = preSolution
		Debug|x64 = Debug|x64
		Debug|x86 = Debug|x86
		Release|x64 = Release|x64
		Release|x86 = Release|x86
	EndGlobalSection
	GlobalSection(ProjectConfigurationPlatforms) = postSolution
		{69C4BCD4-D928-40D4-BE1A-A64890302810}.Debug|x64.ActiveCfg = Debug|x64
		{69C4BCD4-D928-40D4-BE1A-A64890302810}.Debug|x64.Build.0 = Debug|x64
		{69C4BCD4-D928-40D4-BE1A-A64890302810}.Debug|x86.ActiveCfg = Debug|Win32
		{69C4BCD4-D928-40D4-BE1A-A64890302810}.Debug|x86.Build.0 = Debug|Win32
		{69C4BCD4-D928-40D4-BE1A-A64890302810}.Release|x64.ActiveCfg = Release|x64
		{69C4BCD4-D928-40D4-BE1A-A64890302810}.Release|x64.Build.0 = Release|x64
		{69C4BCD4-D928-40D4-BE1A-A64890302810}.Release|x86.ActiveCfg = Release|Win32
		{69C4BCD4-D928-40D4-BE1A-A64890302810}.Release|x86.Build.0 = Release|Win32
		{5237C689-8268-4BB7-8E8F-1B2935BDE007}.Debug|x64.ActiveCfg = Debug|x64
		{5237C689-8268-4BB7-8E8F-1B2935BDE007}.Debug|x64.Build.0 = Debug|x64
		{5237C689-8268-4BB7-8E8F-1B2935BDE007}.Debug|x86.ActiveCfg = Debug|Win32
		{5237C689-8268-4BB7-8E8F-1B2935BDE007}.Debug|x86.Build.0 = Debug|Win32
		{5237C689-8268-4BB7-8E8F-1B2935BDE007}.Release|x64.ActiveCfg = Release|x64
		{5237C689-8268-4BB7-8E8F-1B2935BDE007}.Release|x64.Build.0 = Release|x64
		{5237C689-8268-4BB7-8E8F-1B2935BDE007}.Release|x86.ActiveCfg = Release|Win32
		{5237C689-8268-4BB7-8E8F-1B2935BDE007}.Release|x86.Build.0 = Release|Win32
		{A8F81F7A-7B7E-4896-AF33-672FCEFF8016}.Debug|x64.ActiveCfg = Debug|x64
		{A8F81F7A-7B7E-4896-AF33-672FCEFF8016}.Debug|x64.Build.0 = Debug|x64
		{A8F81F7A-7B7E-4896-AF33-672FCEFF8016}.Debug|x86.ActiveCfg = Debug|Win32
		{A8F81F7A-7B7E-4896-AF33-672FCEFF8016}.Debug|x86.Build.0 = Debug|Win32
		{A8F81F7A-7B7E-4896-AF33-672FCEFF8016}.Release|x64.ActiveCfg = Release|x64
		{A8F81F7A-7B7E-4896-AF33-672FCEFF8016}.Release|x64.Build.0 = Release|x64
		{A8F81F7A-7B7E-4896-AF33-672FCEFF8016}.Release|x86.ActiveCfg = Release|Win32
		{A8F81F7A-7B7E-4896-AF33-672FCEFF8016}.Release|x86.Build.0 = Release|Win32
	EndGlobalSection
	GlobalSection(SolutionProperties) = preSolution
		HideSolutionNode = FALSE
	EndGlobalSection
EndGlobal
